{
  "requires": true,
  "lockfileVersion": 1,
  "dependencies": {
    "vuetify": {
      "version": "2.3.9",
      "resolved": "https://registry.npmjs.org/vuetify/-/vuetify-2.3.9.tgz",
      "integrity": "sha512-E5K9flTvS21tCkHgqDBMl0BY/Rld4SLUaJpQ+sQdL8/2uPcWmWLrdumn4SI8LBFojE0UP1GSaH4zKuxLL36fYg=="
    }
  }
}
